
Microsoft Visual Studio Solution File, Format Version 12.00
# Visual Studio Version 17
Project("{2150E333-8FDC-42A3-9474-1A3956D46DE8}") = "Engine", "Engine", "{8249BEE1-6EAC-4D86-1732-863C03741909}"
EndProject
Project("{8BC9CEB8-8B4A-11D0-8D11-00A0C91BC942}") = "Client", "Client\Client.vcxproj", "{644D06AC-50EF-3082-39AA-44D625EBB7D2}"
EndProject
Project("{8BC9CEB8-8B4A-11D0-8D11-00A0C91BC942}") = "IBLGenerator", "IBLGenerator\IBLGenerator.vcxproj", "{A3C2F36E-8F25-8313-38AB-BBC924ED4E96}"
EndProject
Project("{8BC9CEB8-8B4A-11D0-8D11-00A0C91BC942}") = "fourth_Engine", "fourth_Engine\fourth_Engine.vcxproj", "{92116503-FED1-E039-C70C-2AB7338C2516}"
EndProject
Project("{2150E333-8FDC-42A3-9474-1A3956D46DE8}") = "Dependencies", "Dependencies", "{53E47842-3FC8-3998-A828-34EB942B241A}"
EndProject
Project("{8BC9CEB8-8B4A-11D0-8D11-00A0C91BC942}") = "assimp", "fourth_Engine\vendor\assimp\assimp.vcxproj", "{724885F2-5EEA-AFC8-47A5-C31C33E63619}"
EndProject
Project("{8BC9CEB8-8B4A-11D0-8D11-00A0C91BC942}") = "spdlog", "fourth_Engine\vendor\spdlog\spdlog.vcxproj", "{8EAD431C-7A4F-6EF2-630A-82464F4BF542}"
EndProject
Project("{8BC9CEB8-8B4A-11D0-8D11-00A0C91BC942}") = "zlibstatic", "fourth_Engine\vendor\assimp\zlibstatic.vcxproj", "{7ECEADBA-6A86-EF07-D38D-C863BF648AF8}"
EndProject
Global
	GlobalSection(SolutionConfigurationPlatforms) = preSolution
		Debug|x64 = Debug|x64
		Dist|x64 = Dist|x64
		Release|x64 = Release|x64
	EndGlobalSection
	GlobalSection(ProjectConfigurationPlatforms) = postSolution
		{644D06AC-50EF-3082-39AA-44D625EBB7D2}.Debug|x64.ActiveCfg = Debug|x64
		{644D06AC-50EF-3082-39AA-44D625EBB7D2}.Debug|x64.Build.0 = Debug|x64
		{644D06AC-50EF-3082-39AA-44D625EBB7D2}.Dist|x64.ActiveCfg = Dist|x64
		{644D06AC-50EF-3082-39AA-44D625EBB7D2}.Dist|x64.Build.0 = Dist|x64
		{644D06AC-50EF-3082-39AA-44D625EBB7D2}.Release|x64.ActiveCfg = Release|x64
		{644D06AC-50EF-3082-39AA-44D625EBB7D2}.Release|x64.Build.0 = Release|x64
		{A3C2F36E-8F25-8313-38AB-BBC924ED4E96}.Debug|x64.ActiveCfg = Debug|x64
		{A3C2F36E-8F25-8313-38AB-BBC924ED4E96}.Debug|x64.Build.0 = Debug|x64
		{A3C2F36E-8F25-8313-38AB-BBC924ED4E96}.Dist|x64.ActiveCfg = Dist|x64
		{A3C2F36E-8F25-8313-38AB-BBC924ED4E96}.Dist|x64.Build.0 = Dist|x64
		{A3C2F36E-8F25-8313-38AB-BBC924ED4E96}.Release|x64.ActiveCfg = Release|x64
		{A3C2F36E-8F25-8313-38AB-BBC924ED4E96}.Release|x64.Build.0 = Release|x64
		{92116503-FED1-E039-C70C-2AB7338C2516}.Debug|x64.ActiveCfg = Debug|x64
		{92116503-FED1-E039-C70C-2AB7338C2516}.Debug|x64.Build.0 = Debug|x64
		{92116503-FED1-E039-C70C-2AB7338C2516}.Dist|x64.ActiveCfg = Dist|x64
		{92116503-FED1-E039-C70C-2AB7338C2516}.Dist|x64.Build.0 = Dist|x64
		{92116503-FED1-E039-C70C-2AB7338C2516}.Release|x64.ActiveCfg = Release|x64
		{92116503-FED1-E039-C70C-2AB7338C2516}.Release|x64.Build.0 = Release|x64
		{724885F2-5EEA-AFC8-47A5-C31C33E63619}.Debug|x64.ActiveCfg = Debug|x64
		{724885F2-5EEA-AFC8-47A5-C31C33E63619}.Debug|x64.Build.0 = Debug|x64
		{724885F2-5EEA-AFC8-47A5-C31C33E63619}.Dist|x64.ActiveCfg = Dist|x64
		{724885F2-5EEA-AFC8-47A5-C31C33E63619}.Dist|x64.Build.0 = Dist|x64
		{724885F2-5EEA-AFC8-47A5-C31C33E63619}.Release|x64.ActiveCfg = Release|x64
		{724885F2-5EEA-AFC8-47A5-C31C33E63619}.Release|x64.Build.0 = Release|x64
		{8EAD431C-7A4F-6EF2-630A-82464F4BF542}.Debug|x64.ActiveCfg = Debug|x64
		{8EAD431C-7A4F-6EF2-630A-82464F4BF542}.Debug|x64.Build.0 = Debug|x64
		{8EAD431C-7A4F-6EF2-630A-82464F4BF542}.Dist|x64.ActiveCfg = Dist|x64
		{8EAD431C-7A4F-6EF2-630A-82464F4BF542}.Dist|x64.Build.0 = Dist|x64
		{8EAD431C-7A4F-6EF2-630A-82464F4BF542}.Release|x64.ActiveCfg = Release|x64
		{8EAD431C-7A4F-6EF2-630A-82464F4BF542}.Release|x64.Build.0 = Release|x64
		{7ECEADBA-6A86-EF07-D38D-C863BF648AF8}.Debug|x64.ActiveCfg = Debug|x64
		{7ECEADBA-6A86-EF07-D38D-C863BF648AF8}.Debug|x64.Build.0 = Debug|x64
		{7ECEADBA-6A86-EF07-D38D-C863BF648AF8}.Dist|x64.ActiveCfg = Dist|x64
		{7ECEADBA-6A86-EF07-D38D-C863BF648AF8}.Dist|x64.Build.0 = Dist|x64
		{7ECEADBA-6A86-EF07-D38D-C863BF648AF8}.Release|x64.ActiveCfg = Release|x64
		{7ECEADBA-6A86-EF07-D38D-C863BF648AF8}.Release|x64.Build.0 = Release|x64
	EndGlobalSection
	GlobalSection(SolutionProperties) = preSolution
		HideSolutionNode = FALSE
	EndGlobalSection
	GlobalSection(NestedProjects) = preSolution
		{644D06AC-50EF-3082-39AA-44D625EBB7D2} = {8249BEE1-6EAC-4D86-1732-863C03741909}
		{A3C2F36E-8F25-8313-38AB-BBC924ED4E96} = {8249BEE1-6EAC-4D86-1732-863C03741909}
		{92116503-FED1-E039-C70C-2AB7338C2516} = {8249BEE1-6EAC-4D86-1732-863C03741909}
		{724885F2-5EEA-AFC8-47A5-C31C33E63619} = {53E47842-3FC8-3998-A828-34EB942B241A}
		{8EAD431C-7A4F-6EF2-630A-82464F4BF542} = {53E47842-3FC8-3998-A828-34EB942B241A}
		{7ECEADBA-6A86-EF07-D38D-C863BF648AF8} = {53E47842-3FC8-3998-A828-34EB942B241A}
	EndGlobalSection
EndGlobal
